
Microsoft Visual Studio Solution File, Format Version 12.00
# Visual Studio Version 17
VisualStudioVersion = 17.3.32901.215
MinimumVisualStudioVersion = 10.0.40219.1
Project("{FAE04EC0-301F-11D3-BF4B-00C04F79EFBC}") = "button.22", "button.22\button.22.csproj", "{CF6E2435-6A13-4DE2-B6A0-E2A5336FAE8D}"
EndProject
Global
	GlobalSection(SolutionConfigurationPlatforms) = preSolution
		Debug|Any CPU = Debug|Any CPU
		Release|Any CPU = Release|Any CPU
	EndGlobalSection
	GlobalSection(ProjectConfigurationPlatforms) = postSolution
		{CF6E2435-6A13-4DE2-B6A0-E2A5336FAE8D}.Debug|Any CPU.ActiveCfg = Debug|Any CPU
		{CF6E2435-6A13-4DE2-B6A0-E2A5336FAE8D}.Debug|Any CPU.Build.0 = Debug|Any CPU
		{CF6E2435-6A13-4DE2-B6A0-E2A5336FAE8D}.Release|Any CPU.ActiveCfg = Release|Any CPU
		{CF6E2435-6A13-4DE2-B6A0-E2A5336FAE8D}.Release|Any CPU.Build.0 = Release|Any CPU
	EndGlobalSection
	GlobalSection(SolutionProperties) = preSolution
		HideSolutionNode = FALSE
	EndGlobalSection
	GlobalSection(ExtensibilityGlobals) = postSolution
		SolutionGuid = {55D988BE-5533-4A5B-8425-6E82BD2B405F}
	EndGlobalSection
EndGlobal
